{
    "_readme": [
        "This file locks the dependencies of your project to a known state",
        "Read more about it at https://getcomposer.org/doc/01-basic-usage.md#installing-dependencies",
        "This file is @generated automatically"
    ],
    "content-hash": "b2881b43a99161e04e43655c4d376ece",
    "packages": [
        {
            "name": "test/package-c",
            "version": "v1.0.0",
            "source": {
                "type": "git",
                "url": "../composer-issue-package-c",
                "reference": "35799d25b5a6c3fc2bf0beaaf29ff087cd3d0fa4"
            },
            "type": "library",
            "license": [
                "MIT"
            ],
            "authors": [
                {
                    "name": "strarsis",
                    "email": "strarsis@gmail.com"
                }
            ],
            "description": "Package C",
            "time": "2018-04-14T23:22:01+00:00"
        }
    ],
    "packages-dev": [],
    "aliases": [],
    "minimum-stability": "stable",
    "stability-flags": [],
    "prefer-stable": false,
    "prefer-lowest": false,
    "platform": [],
    "platform-dev": []
}
